// !$*UTF8*$!
{
	archiveVersion = 1;
	classes = {
	};
	objectVersion = 55;
	objects = {

/* Begin PBXBuildFile section */
		7DD90083287CD8EE00DB16C8 /* AppDelegate.swift in Sources */ = {isa = PBXBuildFile; fileRef = 7DD90082287CD8EE00DB16C8 /* AppDelegate.swift */; };
		7DD90085287CD8EE00DB16C8 /* SceneDelegate.swift in Sources */ = {isa = PBXBuildFile; fileRef = 7DD90084287CD8EE00DB16C8 /* SceneDelegate.swift */; };
		7DD90087287CD8EE00DB16C8 /* ViewController.swift in Sources */ = {isa = PBXBuildFile; fileRef = 7DD90086287CD8EE00DB16C8 /* ViewController.swift */; };
		7DD9008A287CD8EE00DB16C8 /* Main.storyboard in Resources */ = {isa = PBXBuildFile; fileRef = 7DD90088287CD8EE00DB16C8 /* Main.storyboard */; };
		7DD9008C287CD8F000DB16C8 /* Assets.xcassets in Resources */ = {isa = PBXBuildFile; fileRef = 7DD9008B287CD8F000DB16C8 /* Assets.xcassets */; };
		7DD9008F287CD8F000DB16C8 /* LaunchScreen.storyboard in Resources */ = {isa = PBXBuildFile; fileRef = 7DD9008D287CD8F000DB16C8 /* LaunchScreen.storyboard */; };
		7DD9009A287CD8F100DB16C8 /* smartReminderTests.swift in Sources */ = {isa = PBXBuildFile; fileRef = 7DD90099287CD8F100DB16C8 /* smartReminderTests.swift */; };
		7DD900A4287CD8F100DB16C8 /* smartReminderUITests.swift in Sources */ = {isa = PBXBuildFile; fileRef = 7DD900A3287CD8F100DB16C8 /* smartReminderUITests.swift */; };
		7DD900A6287CD8F100DB16C8 /* smartReminderUITestsLaunchTests.swift in Sources */ = {isa = PBXBuildFile; fileRef = 7DD900A5287CD8F100DB16C8 /* smartReminderUITestsLaunchTests.swift */; };
/* End PBXBuildFile section */

/* Begin PBXContainerItemProxy section */
		7DD90096287CD8F100DB16C8 /* PBXContainerItemProxy */ = {
			isa = PBXContainerItemProxy;
			containerPortal = 7DD90077287CD8EE00DB16C8 /* Project object */;
			proxyType = 1;
			remoteGlobalIDString = 7DD9007E287CD8EE00DB16C8;
			remoteInfo = smartReminder;
		};
		7DD900A0287CD8F100DB16C8 /* PBXContainerItemProxy */ = {
			isa = PBXContainerItemProxy;
			containerPortal = 7DD90077287CD8EE00DB16C8 /* Project object */;
			proxyType = 1;
			remoteGlobalIDString = 7DD9007E287CD8EE00DB16C8;
			remoteInfo = smartReminder;
		};
/* End PBXContainerItemProxy section */

/* Begin PBXFileReference section */
		7DD9007F287CD8EE00DB16C8 /* smartReminder.app */ = {isa = PBXFileReference; explicitFileType = wrapper.application; includeInIndex = 0; path = smartReminder.app; sourceTree = BUILT_PRODUCTS_DIR; };
		7DD90082287CD8EE00DB16C8 /* AppDelegate.swift */ = {isa = PBXFileReference; lastKnownFileType = sourcecode.swift; path = AppDelegate.swift; sourceTree = "<group>"; };
		7DD90084287CD8EE00DB16C8 /* SceneDelegate.swift */ = {isa = PBXFileReference; lastKnownFileType = sourcecode.swift; path = SceneDelegate.swift; sourceTree = "<group>"; };
		7DD90086287CD8EE00DB16C8 /* ViewController.swift */ = {isa = PBXFileReference; lastKnownFileType = sourcecode.swift; path = ViewController.swift; sourceTree = "<group>"; };
		7DD90089287CD8EE00DB16C8 /* Base */ = {isa = PBXFileReference; lastKnownFileType = file.storyboard; name = Base; path = Base.lproj/Main.storyboard; sourceTree = "<group>"; };
		7DD9008B287CD8F000DB16C8 /* Assets.xcassets */ = {isa = PBXFileReference; lastKnownFileType = folder.assetcatalog; path = Assets.xcassets; sourceTree = "<group>"; };
		7DD9008E287CD8F000DB16C8 /* Base */ = {isa = PBXFileReference; lastKnownFileType = file.storyboard; name = Base; path = Base.lproj/LaunchScreen.storyboard; sourceTree = "<group>"; };
		7DD90090287CD8F000DB16C8 /* Info.plist */ = {isa = PBXFileReference; lastKnownFileType = text.plist.xml; path = Info.plist; sourceTree = "<group>"; };
		7DD90095287CD8F100DB16C8 /* smartReminderTests.xctest */ = {isa = PBXFileReference; explicitFileType = wrapper.cfbundle; includeInIndex = 0; path = smartReminderTests.xctest; sourceTree = BUILT_PRODUCTS_DIR; };
		7DD90099287CD8F100DB16C8 /* smartReminderTests.swift */ = {isa = PBXFileReference; lastKnownFileType = sourcecode.swift; path = smartReminderTests.swift; sourceTree = "<group>"; };
		7DD9009F287CD8F100DB16C8 /* smartReminderUITests.xctest */ = {isa = PBXFileReference; explicitFileType = wrapper.cfbundle; includeInIndex = 0; path = smartReminderUITests.xctest; sourceTree = BUILT_PRODUCTS_DIR; };
		7DD900A3287CD8F100DB16C8 /* smartReminderUITests.swift */ = {isa = PBXFileReference; lastKnownFileType = sourcecode.swift; path = smartReminderUITests.swift; sourceTree = "<group>"; };
		7DD900A5287CD8F100DB16C8 /* smartReminderUITestsLaunchTests.swift */ = {isa = PBXFileReference; lastKnownFileType = sourcecode.swift; path = smartReminderUITestsLaunchTests.swift; sourceTree = "<group>"; };
/* End PBXFileReference section */

/* Begin PBXFrameworksBuildPhase section */
		7DD9007C287CD8EE00DB16C8 /* Frameworks */ = {
			isa = PBXFrameworksBuildPhase;
			buildActionMask = 2147483647;
			files = (
			);
			runOnlyForDeploymentPostprocessing = 0;
		};
		7DD90092287CD8F100DB16C8 /* Frameworks */ = {
			isa = PBXFrameworksBuildPhase;
			buildActionMask = 2147483647;
			files = (
			);
			runOnlyForDeploymentPostprocessing = 0;
		};
		7DD9009C287CD8F100DB16C8 /* Frameworks */ = {
			isa = PBXFrameworksBuildPhase;
			buildActionMask = 2147483647;
			files = (
			);
			runOnlyForDeploymentPostprocessing = 0;
		};
/* End PBXFrameworksBuildPhase section */

/* Begin PBXGroup section */
		7DD90076287CD8EE00DB16C8 = {
			isa = PBXGroup;
			children = (
				7DD90081287CD8EE00DB16C8 /* smartReminder */,
				7DD90098287CD8F100DB16C8 /* smartReminderTests */,
				7DD900A2287CD8F100DB16C8 /* smartReminderUITests */,
				7DD90080287CD8EE00DB16C8 /* Products */,
			);
			sourceTree = "<group>";
		};
		7DD90080287CD8EE00DB16C8 /* Products */ = {
			isa = PBXGroup;
			children = (
				7DD9007F287CD8EE00DB16C8 /* smartReminder.app */,
				7DD90095287CD8F100DB16C8 /* smartReminderTests.xctest */,
				7DD9009F287CD8F100DB16C8 /* smartReminderUITests.xctest */,
			);
			name = Products;
			sourceTree = "<group>";
		};
		7DD90081287CD8EE00DB16C8 /* smartReminder */ = {
			isa = PBXGroup;
			children = (
				7DD90082287CD8EE00DB16C8 /* AppDelegate.swift */,
				7DD90084287CD8EE00DB16C8 /* SceneDelegate.swift */,
				7DD90086287CD8EE00DB16C8 /* ViewController.swift */,
				7DD90088287CD8EE00DB16C8 /* Main.storyboard */,
				7DD9008B287CD8F000DB16C8 /* Assets.xcassets */,
				7DD9008D287CD8F000DB16C8 /* LaunchScreen.storyboard */,
				7DD90090287CD8F000DB16C8 /* Info.plist */,
			);
			path = smartReminder;
			sourceTree = "<group>";
		};
		7DD90098287CD8F100DB16C8 /* smartReminderTests */ = {
			isa = PBXGroup;
			children = (
				7DD90099287CD8F100DB16C8 /* smartReminderTests.swift */,
			);
			path = smartReminderTests;
			sourceTree = "<group>";
		};
		7DD900A2287CD8F100DB16C8 /* smartReminderUITests */ = {
			isa = PBXGroup;
			children = (
				7DD900A3287CD8F100DB16C8 /* smartReminderUITests.swift */,
				7DD900A5287CD8F100DB16C8 /* smartReminderUITestsLaunchTests.swift */,
			);
			path = smartReminderUITests;
			sourceTree = "<group>";
		};
/* End PBXGroup section */

/* Begin PBXNativeTarget section */
		7DD9007E287CD8EE00DB16C8 /* smartReminder */ = {
			isa = PBXNativeTarget;
			buildConfigurationList = 7DD900A9287CD8F100DB16C8 /* Build configuration list for PBXNativeTarget "smartReminder" */;
			buildPhases = (
				7DD9007B287CD8EE00DB16C8 /* Sources */,
				7DD9007C287CD8EE00DB16C8 /* Frameworks */,
				7DD9007D287CD8EE00DB16C8 /* Resources */,
			);
			buildRules = (
			);
			dependencies = (
			);
			name = smartReminder;
			productName = smartReminder;
			productReference = 7DD9007F287CD8EE00DB16C8 /* smartReminder.app */;
			productType = "com.apple.product-type.application";
		};
		7DD90094287CD8F100DB16C8 /* smartReminderTests */ = {
			isa = PBXNativeTarget;
			buildConfigurationList = 7DD900AC287CD8F100DB16C8 /* Build configuration list for PBXNativeTarget "smartReminderTests" */;
			buildPhases = (
				7DD90091287CD8F100DB16C8 /* Sources */,
				7DD90092287CD8F100DB16C8 /* Frameworks */,
				7DD90093287CD8F100DB16C8 /* Resources */,
			);
			buildRules = (
			);
			dependencies = (
				7DD90097287CD8F100DB16C8 /* PBXTargetDependency */,
			);
			name = smartReminderTests;
			productName = smartReminderTests;
			productReference = 7DD90095287CD8F100DB16C8 /* smartReminderTests.xctest */;
			productType = "com.apple.product-type.bundle.unit-test";
		};
		7DD9009E287CD8F100DB16C8 /* smartReminderUITests */ = {
			isa = PBXNativeTarget;
			buildConfigurationList = 7DD900AF287CD8F100DB16C8 /* Build configuration list for PBXNativeTarget "smartReminderUITests" */;
			buildPhases = (
				7DD9009B287CD8F100DB16C8 /* Sources */,
				7DD9009C287CD8F100DB16C8 /* Frameworks */,
				7DD9009D287CD8F100DB16C8 /* Resources */,
			);
			buildRules = (
			);
			dependencies = (
				7DD900A1287CD8F100DB16C8 /* PBXTargetDependency */,
			);
			name = smartReminderUITests;
			productName = smartReminderUITests;
			productReference = 7DD9009F287CD8F100DB16C8 /* smartReminderUITests.xctest */;
			productType = "com.apple.product-type.bundle.ui-testing";
		};
/* End PBXNativeTarget section */

/* Begin PBXProject section */
		7DD90077287CD8EE00DB16C8 /* Project object */ = {
			isa = PBXProject;
			attributes = {
				BuildIndependentTargetsInParallel = 1;
				LastSwiftUpdateCheck = 1340;
				LastUpgradeCheck = 1340;
				TargetAttributes = {
					7DD9007E287CD8EE00DB16C8 = {
						CreatedOnToolsVersion = 13.4.1;
					};
					7DD90094287CD8F100DB16C8 = {
						CreatedOnToolsVersion = 13.4.1;
						TestTargetID = 7DD9007E287CD8EE00DB16C8;
					};
					7DD9009E287CD8F100DB16C8 = {
						CreatedOnToolsVersion = 13.4.1;
						TestTargetID = 7DD9007E287CD8EE00DB16C8;
					};
				};
			};
			buildConfigurationList = 7DD9007A287CD8EE00DB16C8 /* Build configuration list for PBXProject "smartReminder" */;
			compatibilityVersion = "Xcode 13.0";
			developmentRegion = en;
			hasScannedForEncodings = 0;
			knownRegions = (
				en,
				Base,
			);
			mainGroup = 7DD90076287CD8EE00DB16C8;
			productRefGroup = 7DD90080287CD8EE00DB16C8 /* Products */;
			projectDirPath = "";
			projectRoot = "";
			targets = (
				7DD9007E287CD8EE00DB16C8 /* smartReminder */,
				7DD90094287CD8F100DB16C8 /* smartReminderTests */,
				7DD9009E287CD8F100DB16C8 /* smartReminderUITests */,
			);
		};
/* End PBXProject section */

/* Begin PBXResourcesBuildPhase section */
		7DD9007D287CD8EE00DB16C8 /* Resources */ = {
			isa = PBXResourcesBuildPhase;
			buildActionMask = 2147483647;
			files = (
				7DD9008F287CD8F000DB16C8 /* LaunchScreen.storyboard in Resources */,
				7DD9008C287CD8F000DB16C8 /* Assets.xcassets in Resources */,
				7DD9008A287CD8EE00DB16C8 /* Main.storyboard in Resources */,
			);
			runOnlyForDeploymentPostprocessing = 0;
		};
		7DD90093287CD8F100DB16C8 /* Resources */ = {
			isa = PBXResourcesBuildPhase;
			buildActionMask = 2147483647;
			files = (
			);
			runOnlyForDeploymentPostprocessing = 0;
		};
		7DD9009D287CD8F100DB16C8 /* Resources */ = {
			isa = PBXResourcesBuildPhase;
			buildActionMask = 2147483647;
			files = (
			);
			runOnlyForDeploymentPostprocessing = 0;
		};
/* End PBXResourcesBuildPhase section */

/* Begin PBXSourcesBuildPhase section */
		7DD9007B287CD8EE00DB16C8 /* Sources */ = {
			isa = PBXSourcesBuildPhase;
			buildActionMask = 2147483647;
			files = (
				7DD90087287CD8EE00DB16C8 /* ViewController.swift in Sources */,
				7DD90083287CD8EE00DB16C8 /* AppDelegate.swift in Sources */,
				7DD90085287CD8EE00DB16C8 /* SceneDelegate.swift in Sources */,
			);
			runOnlyForDeploymentPostprocessing = 0;
		};
		7DD90091287CD8F100DB16C8 /* Sources */ = {
			isa = PBXSourcesBuildPhase;
			buildActionMask = 2147483647;
			files = (
				7DD9009A287CD8F100DB16C8 /* smartReminderTests.swift in Sources */,
			);
			runOnlyForDeploymentPostprocessing = 0;
		};
		7DD9009B287CD8F100DB16C8 /* Sources */ = {
			isa = PBXSourcesBuildPhase;
			buildActionMask = 2147483647;
			files = (
				7DD900A6287CD8F100DB16C8 /* smartReminderUITestsLaunchTests.swift in Sources */,
				7DD900A4287CD8F100DB16C8 /* smartReminderUITests.swift in Sources */,
			);
			runOnlyForDeploymentPostprocessing = 0;
		};
/* End PBXSourcesBuildPhase section */

/* Begin PBXTargetDependency section */
		7DD90097287CD8F100DB16C8 /* PBXTargetDependency */ = {
			isa = PBXTargetDependency;
			target = 7DD9007E287CD8EE00DB16C8 /* smartReminder */;
			targetProxy = 7DD90096287CD8F100DB16C8 /* PBXContainerItemProxy */;
		};
		7DD900A1287CD8F100DB16C8 /* PBXTargetDependency */ = {
			isa = PBXTargetDependency;
			target = 7DD9007E287CD8EE00DB16C8 /* smartReminder */;
			targetProxy = 7DD900A0287CD8F100DB16C8 /* PBXContainerItemProxy */;
		};
/* End PBXTargetDependency section */

/* Begin PBXVariantGroup section */
		7DD90088287CD8EE00DB16C8 /* Main.storyboard */ = {
			isa = PBXVariantGroup;
			children = (
				7DD90089287CD8EE00DB16C8 /* Base */,
			);
			name = Main.storyboard;
			sourceTree = "<group>";
		};
		7DD9008D287CD8F000DB16C8 /* LaunchScreen.storyboard */ = {
			isa = PBXVariantGroup;
			children = (
				7DD9008E287CD8F000DB16C8 /* Base */,
			);
			name = LaunchScreen.storyboard;
			sourceTree = "<group>";
		};
/* End PBXVariantGroup section */

/* Begin XCBuildConfiguration section */
		7DD900A7287CD8F100DB16C8 /* Debug */ = {
			isa = XCBuildConfiguration;
			buildSettings = {
				ALWAYS_SEARCH_USER_PATHS = NO;
				CLANG_ANALYZER_NONNULL = YES;
				CLANG_ANALYZER_NUMBER_OBJECT_CONVERSION = YES_AGGRESSIVE;
				CLANG_CXX_LANGUAGE_STANDARD = "gnu++17";
				CLANG_ENABLE_MODULES = YES;
				CLANG_ENABLE_OBJC_ARC = YES;
				CLANG_ENABLE_OBJC_WEAK = YES;
				CLANG_WARN_BLOCK_CAPTURE_AUTORELEASING = YES;
				CLANG_WARN_BOOL_CONVERSION = YES;
				CLANG_WARN_COMMA = YES;
				CLANG_WARN_CONSTANT_CONVERSION = YES;
				CLANG_WARN_DEPRECATED_OBJC_IMPLEMENTATIONS = YES;
				CLANG_WARN_DIRECT_OBJC_ISA_USAGE = YES_ERROR;
				CLANG_WARN_DOCUMENTATION_COMMENTS = YES;
				CLANG_WARN_EMPTY_BODY = YES;
				CLANG_WARN_ENUM_CONVERSION = YES;
				CLANG_WARN_INFINITE_RECURSION = YES;
				CLANG_WARN_INT_CONVERSION = YES;
				CLANG_WARN_NON_LITERAL_NULL_CONVERSION = YES;
				CLANG_WARN_OBJC_IMPLICIT_RETAIN_SELF = YES;
				CLANG_WARN_OBJC_LITERAL_CONVERSION = YES;
				CLANG_WARN_OBJC_ROOT_CLASS = YES_ERROR;
				CLANG_WARN_QUOTED_INCLUDE_IN_FRAMEWORK_HEADER = YES;
				CLANG_WARN_RANGE_LOOP_ANALYSIS = YES;
				CLANG_WARN_STRICT_PROTOTYPES = YES;
				CLANG_WARN_SUSPICIOUS_MOVE = YES;
				CLANG_WARN_UNGUARDED_AVAILABILITY = YES_AGGRESSIVE;
				CLANG_WARN_UNREACHABLE_CODE = YES;
				CLANG_WARN__DUPLICATE_METHOD_MATCH = YES;
				COPY_PHASE_STRIP = NO;
				DEBUG_INFORMATION_FORMAT = dwarf;
				ENABLE_STRICT_OBJC_MSGSEND = YES;
				ENABLE_TESTABILITY = YES;
				GCC_C_LANGUAGE_STANDARD = gnu11;
				GCC_DYNAMIC_NO_PIC = NO;
				GCC_NO_COMMON_BLOCKS = YES;
				GCC_OPTIMIZATION_LEVEL = 0;
				GCC_PREPROCESSOR_DEFINITIONS = (
					"DEBUG=1",
					"$(inherited)",
				);
				GCC_WARN_64_TO_32_BIT_CONVERSION = YES;
				GCC_WARN_ABOUT_RETURN_TYPE = YES_ERROR;
				GCC_WARN_UNDECLARED_SELECTOR = YES;
				GCC_WARN_UNINITIALIZED_AUTOS = YES_AGGRESSIVE;
				GCC_WARN_UNUSED_FUNCTION = YES;
				GCC_WARN_UNUSED_VARIABLE = YES;
				IPHONEOS_DEPLOYMENT_TARGET = 15.5;
				MTL_ENABLE_DEBUG_INFO = INCLUDE_SOURCE;
				MTL_FAST_MATH = YES;
				ONLY_ACTIVE_ARCH = YES;
				SDKROOT = iphoneos;
				SWIFT_ACTIVE_COMPILATION_CONDITIONS = DEBUG;
				SWIFT_OPTIMIZATION_LEVEL = "-Onone";
			};
			name = Debug;
		};
		7DD900A8287CD8F100DB16C8 /* Release */ = {
			isa = XCBuildConfiguration;
			buildSettings = {
				ALWAYS_SEARCH_USER_PATHS = NO;
				CLANG_ANALYZER_NONNULL = YES;
				CLANG_ANALYZER_NUMBER_OBJECT_CONVERSION = YES_AGGRESSIVE;
				CLANG_CXX_LANGUAGE_STANDARD = "gnu++17";
				CLANG_ENABLE_MODULES = YES;
				CLANG_ENABLE_OBJC_ARC = YES;
				CLANG_ENABLE_OBJC_WEAK = YES;
				CLANG_WARN_BLOCK_CAPTURE_AUTORELEASING = YES;
				CLANG_WARN_BOOL_CONVERSION = YES;
				CLANG_WARN_COMMA = YES;
				CLANG_WARN_CONSTANT_CONVERSION = YES;
				CLANG_WARN_DEPRECATED_OBJC_IMPLEMENTATIONS = YES;
				CLANG_WARN_DIRECT_OBJC_ISA_USAGE = YES_ERROR;
				CLANG_WARN_DOCUMENTATION_COMMENTS = YES;
				CLANG_WARN_EMPTY_BODY = YES;
				CLANG_WARN_ENUM_CONVERSION = YES;
				CLANG_WARN_INFINITE_RECURSION = YES;
				CLANG_WARN_INT_CONVERSION = YES;
				CLANG_WARN_NON_LITERAL_NULL_CONVERSION = YES;
				CLANG_WARN_OBJC_IMPLICIT_RETAIN_SELF = YES;
				CLANG_WARN_OBJC_LITERAL_CONVERSION = YES;
				CLANG_WARN_OBJC_ROOT_CLASS = YES_ERROR;
				CLANG_WARN_QUOTED_INCLUDE_IN_FRAMEWORK_HEADER = YES;
				CLANG_WARN_RANGE_LOOP_ANALYSIS = YES;
				CLANG_WARN_STRICT_PROTOTYPES = YES;
				CLANG_WARN_SUSPICIOUS_MOVE = YES;
				CLANG_WARN_UNGUARDED_AVAILABILITY = YES_AGGRESSIVE;
				CLANG_WARN_UNREACHABLE_CODE = YES;
				CLANG_WARN__DUPLICATE_METHOD_MATCH = YES;
				COPY_PHASE_STRIP = NO;
				DEBUG_INFORMATION_FORMAT = "dwarf-with-dsym";
				ENABLE_NS_ASSERTIONS = NO;
				ENABLE_STRICT_OBJC_MSGSEND = YES;
				GCC_C_LANGUAGE_STANDARD = gnu11;
				GCC_NO_COMMON_BLOCKS = YES;
				GCC_WARN_64_TO_32_BIT_CONVERSION = YES;
				GCC_WARN_ABOUT_RETURN_TYPE = YES_ERROR;
				GCC_WARN_UNDECLARED_SELECTOR = YES;
				GCC_WARN_UNINITIALIZED_AUTOS = YES_AGGRESSIVE;
				GCC_WARN_UNUSED_FUNCTION = YES;
				GCC_WARN_UNUSED_VARIABLE = YES;
				IPHONEOS_DEPLOYMENT_TARGET = 15.5;
				MTL_ENABLE_DEBUG_INFO = NO;
				MTL_FAST_MATH = YES;
				SDKROOT = iphoneos;
				SWIFT_COMPILATION_MODE = wholemodule;
				SWIFT_OPTIMIZATION_LEVEL = "-O";
				VALIDATE_PRODUCT = YES;
			};
			name = Release;
		};
		7DD900AA287CD8F100DB16C8 /* Debug */ = {
			isa = XCBuildConfiguration;
			buildSettings = {
				ASSETCATALOG_COMPILER_APPICON_NAME = AppIcon;
				ASSETCATALOG_COMPILER_GLOBAL_ACCENT_COLOR_NAME = AccentColor;
				CODE_SIGN_STYLE = Automatic;
				CURRENT_PROJECT_VERSION = 1;
				DEVELOPMENT_TEAM = 4S844T7V27;
				GENERATE_INFOPLIST_FILE = YES;
				INFOPLIST_FILE = smartReminder/Info.plist;
				INFOPLIST_KEY_UIApplicationSupportsIndirectInputEvents = YES;
				INFOPLIST_KEY_UILaunchStoryboardName = LaunchScreen;
				INFOPLIST_KEY_UIMainStoryboardFile = Main;
				INFOPLIST_KEY_UISupportedInterfaceOrientations_iPad = "UIInterfaceOrientationPortrait UIInterfaceOrientationPortraitUpsideDown UIInterfaceOrientationLandscapeLeft UIInterfaceOrientationLandscapeRight";
				INFOPLIST_KEY_UISupportedInterfaceOrientations_iPhone = "UIInterfaceOrientationPortrait UIInterfaceOrientationLandscapeLeft UIInterfaceOrientationLandscapeRight";
				LD_RUNPATH_SEARCH_PATHS = (
					"$(inherited)",
					"@executable_path/Frameworks",
				);
				MARKETING_VERSION = 1.0;
				PRODUCT_BUNDLE_IDENTIFIER = com.unitide2022.smartReminder;
				PRODUCT_NAME = "$(TARGET_NAME)";
				SWIFT_EMIT_LOC_STRINGS = YES;
				SWIFT_VERSION = 5.0;
				TARGETED_DEVICE_FAMILY = "1,2";
			};
			name = Debug;
		};
		7DD900AB287CD8F100DB16C8 /* Release */ = {
			isa = XCBuildConfiguration;
			buildSettings = {
				ASSETCATALOG_COMPILER_APPICON_NAME = AppIcon;
				ASSETCATALOG_COMPILER_GLOBAL_ACCENT_COLOR_NAME = AccentColor;
				CODE_SIGN_STYLE = Automatic;
				CURRENT_PROJECT_VERSION = 1;
				DEVELOPMENT_TEAM = 4S844T7V27;
				GENERATE_INFOPLIST_FILE = YES;
				INFOPLIST_FILE = smartReminder/Info.plist;
				INFOPLIST_KEY_UIApplicationSupportsIndirectInputEvents = YES;
				INFOPLIST_KEY_UILaunchStoryboardName = LaunchScreen;
				INFOPLIST_KEY_UIMainStoryboardFile = Main;
				INFOPLIST_KEY_UISupportedInterfaceOrientations_iPad = "UIInterfaceOrientationPortrait UIInterfaceOrientationPortraitUpsideDown UIInterfaceOrientationLandscapeLeft UIInterfaceOrientationLandscapeRight";
				INFOPLIST_KEY_UISupportedInterfaceOrientations_iPhone = "UIInterfaceOrientationPortrait UIInterfaceOrientationLandscapeLeft UIInterfaceOrientationLandscapeRight";
				LD_RUNPATH_SEARCH_PATHS = (
					"$(inherited)",
					"@executable_path/Frameworks",
				);
				MARKETING_VERSION = 1.0;
				PRODUCT_BUNDLE_IDENTIFIER = com.unitide2022.smartReminder;
				PRODUCT_NAME = "$(TARGET_NAME)";
				SWIFT_EMIT_LOC_STRINGS = YES;
				SWIFT_VERSION = 5.0;
				TARGETED_DEVICE_FAMILY = "1,2";
			};
			name = Release;
		};
		7DD900AD287CD8F100DB16C8 /* Debug */ = {
			isa = XCBuildConfiguration;
			buildSettings = {
				ALWAYS_EMBED_SWIFT_STANDARD_LIBRARIES = YES;
				BUNDLE_LOADER = "$(TEST_HOST)";
				CODE_SIGN_STYLE = Automatic;
				CURRENT_PROJECT_VERSION = 1;
				DEVELOPMENT_TEAM = 4S844T7V27;
				GENERATE_INFOPLIST_FILE = YES;
				IPHONEOS_DEPLOYMENT_TARGET = 15.5;
				MARKETING_VERSION = 1.0;
				PRODUCT_BUNDLE_IDENTIFIER = com.unitide2022.smartReminderTests;
				PRODUCT_NAME = "$(TARGET_NAME)";
				SWIFT_EMIT_LOC_STRINGS = NO;
				SWIFT_VERSION = 5.0;
				TARGETED_DEVICE_FAMILY = "1,2";
				TEST_HOST = "$(BUILT_PRODUCTS_DIR)/smartReminder.app/smartReminder";
			};
			name = Debug;
		};
		7DD900AE287CD8F100DB16C8 /* Release */ = {
			isa = XCBuildConfiguration;
			buildSettings = {
				ALWAYS_EMBED_SWIFT_STANDARD_LIBRARIES = YES;
				BUNDLE_LOADER = "$(TEST_HOST)";
				CODE_SIGN_STYLE = Automatic;
				CURRENT_PROJECT_VERSION = 1;
				DEVELOPMENT_TEAM = 4S844T7V27;
				GENERATE_INFOPLIST_FILE = YES;
				IPHONEOS_DEPLOYMENT_TARGET = 15.5;
				MARKETING_VERSION = 1.0;
				PRODUCT_BUNDLE_IDENTIFIER = com.unitide2022.smartReminderTests;
				PRODUCT_NAME = "$(TARGET_NAME)";
				SWIFT_EMIT_LOC_STRINGS = NO;
				SWIFT_VERSION = 5.0;
				TARGETED_DEVICE_FAMILY = "1,2";
				TEST_HOST = "$(BUILT_PRODUCTS_DIR)/smartReminder.app/smartReminder";
			};
			name = Release;
		};
		7DD900B0287CD8F100DB16C8 /* Debug */ = {
			isa = XCBuildConfiguration;
			buildSettings = {
				ALWAYS_EMBED_SWIFT_STANDARD_LIBRARIES = YES;
				CODE_SIGN_STYLE = Automatic;
				CURRENT_PROJECT_VERSION = 1;
				DEVELOPMENT_TEAM = 4S844T7V27;
				GENERATE_INFOPLIST_FILE = YES;
				MARKETING_VERSION = 1.0;
				PRODUCT_BUNDLE_IDENTIFIER = com.unitide2022.smartReminderUITests;
				PRODUCT_NAME = "$(TARGET_NAME)";
				SWIFT_EMIT_LOC_STRINGS = NO;
				SWIFT_VERSION = 5.0;
				TARGETED_DEVICE_FAMILY = "1,2";
				TEST_TARGET_NAME = smartReminder;
			};
			name = Debug;
		};
		7DD900B1287CD8F100DB16C8 /* Release */ = {
			isa = XCBuildConfiguration;
			buildSettings = {
				ALWAYS_EMBED_SWIFT_STANDARD_LIBRARIES = YES;
				CODE_SIGN_STYLE = Automatic;
				CURRENT_PROJECT_VERSION = 1;
				DEVELOPMENT_TEAM = 4S844T7V27;
				GENERATE_INFOPLIST_FILE = YES;
				MARKETING_VERSION = 1.0;
				PRODUCT_BUNDLE_IDENTIFIER = com.unitide2022.smartReminderUITests;
				PRODUCT_NAME = "$(TARGET_NAME)";
				SWIFT_EMIT_LOC_STRINGS = NO;
				SWIFT_VERSION = 5.0;
				TARGETED_DEVICE_FAMILY = "1,2";
				TEST_TARGET_NAME = smartReminder;
			};
			name = Release;
		};
/* End XCBuildConfiguration section */

/* Begin XCConfigurationList section */
		7DD9007A287CD8EE00DB16C8 /* Build configuration list for PBXProject "smartReminder" */ = {
			isa = XCConfigurationList;
			buildConfigurations = (
				7DD900A7287CD8F100DB16C8 /* Debug */,
				7DD900A8287CD8F100DB16C8 /* Release */,
			);
			defaultConfigurationIsVisible = 0;
			defaultConfigurationName = Release;
		};
		7DD900A9287CD8F100DB16C8 /* Build configuration list for PBXNativeTarget "smartReminder" */ = {
			isa = XCConfigurationList;
			buildConfigurations = (
				7DD900AA287CD8F100DB16C8 /* Debug */,
				7DD900AB287CD8F100DB16C8 /* Release */,
			);
			defaultConfigurationIsVisible = 0;
			defaultConfigurationName = Release;
		};
		7DD900AC287CD8F100DB16C8 /* Build configuration list for PBXNativeTarget "smartReminderTests" */ = {
			isa = XCConfigurationList;
			buildConfigurations = (
				7DD900AD287CD8F100DB16C8 /* Debug */,
				7DD900AE287CD8F100DB16C8 /* Release */,
			);
			defaultConfigurationIsVisible = 0;
			defaultConfigurationName = Release;
		};
		7DD900AF287CD8F100DB16C8 /* Build configuration list for PBXNativeTarget "smartReminderUITests" */ = {
			isa = XCConfigurationList;
			buildConfigurations = (
				7DD900B0287CD8F100DB16C8 /* Debug */,
				7DD900B1287CD8F100DB16C8 /* Release */,
			);
			defaultConfigurationIsVisible = 0;
			defaultConfigurationName = Release;
		};
/* End XCConfigurationList section */
	};
	rootObject = 7DD90077287CD8EE00DB16C8 /* Project object */;
}
